
Microsoft Visual Studio Solution File, Format Version 12.00
# Visual Studio 15
VisualStudioVersion = 15.0.28307.102
MinimumVisualStudioVersion = 10.0.40219.1
Project("{FAE04EC0-301F-11D3-BF4B-00C04F79EFBC}") = "Maths.iOS", "Maths\Maths.iOS\Maths.iOS.csproj", "{3C3F5E00-F737-4978-8B18-BD55741CC0B7}"
EndProject
Project("{FAE04EC0-301F-11D3-BF4B-00C04F79EFBC}") = "Maths", "Maths\Maths\Maths.csproj", "{1599EB85-36C9-4DB8-9C0F-6A33E1A79672}"
EndProject
Global
	GlobalSection(SolutionConfigurationPlatforms) = preSolution
		Ad-Hoc|Any CPU = Ad-Hoc|Any CPU
		Ad-Hoc|iPhone = Ad-Hoc|iPhone
		Ad-Hoc|iPhoneSimulator = Ad-Hoc|iPhoneSimulator
		AppStore|Any CPU = AppStore|Any CPU
		AppStore|iPhone = AppStore|iPhone
		AppStore|iPhoneSimulator = AppStore|iPhoneSimulator
		Debug|Any CPU = Debug|Any CPU
		Debug|iPhone = Debug|iPhone
		Debug|iPhoneSimulator = Debug|iPhoneSimulator
		Release|Any CPU = Release|Any CPU
		Release|iPhone = Release|iPhone
		Release|iPhoneSimulator = Release|iPhoneSimulator
	EndGlobalSection
	GlobalSection(ProjectConfigurationPlatforms) = postSolution
		{3C3F5E00-F737-4978-8B18-BD55741CC0B7}.Ad-Hoc|Any CPU.ActiveCfg = Ad-Hoc|iPhone
		{3C3F5E00-F737-4978-8B18-BD55741CC0B7}.Ad-Hoc|iPhone.ActiveCfg = Ad-Hoc|iPhone
		{3C3F5E00-F737-4978-8B18-BD55741CC0B7}.Ad-Hoc|iPhone.Build.0 = Ad-Hoc|iPhone
		{3C3F5E00-F737-4978-8B18-BD55741CC0B7}.Ad-Hoc|iPhoneSimulator.ActiveCfg = Ad-Hoc|iPhoneSimulator
		{3C3F5E00-F737-4978-8B18-BD55741CC0B7}.Ad-Hoc|iPhoneSimulator.Build.0 = Ad-Hoc|iPhoneSimulator
		{3C3F5E00-F737-4978-8B18-BD55741CC0B7}.AppStore|Any CPU.ActiveCfg = AppStore|iPhone
		{3C3F5E00-F737-4978-8B18-BD55741CC0B7}.AppStore|iPhone.ActiveCfg = AppStore|iPhone
		{3C3F5E00-F737-4978-8B18-BD55741CC0B7}.AppStore|iPhone.Build.0 = AppStore|iPhone
		{3C3F5E00-F737-4978-8B18-BD55741CC0B7}.AppStore|iPhoneSimulator.ActiveCfg = AppStore|iPhoneSimulator
		{3C3F5E00-F737-4978-8B18-BD55741CC0B7}.AppStore|iPhoneSimulator.Build.0 = AppStore|iPhoneSimulator
		{3C3F5E00-F737-4978-8B18-BD55741CC0B7}.Debug|Any CPU.ActiveCfg = Debug|iPhone
		{3C3F5E00-F737-4978-8B18-BD55741CC0B7}.Debug|iPhone.ActiveCfg = Debug|iPhone
		{3C3F5E00-F737-4978-8B18-BD55741CC0B7}.Debug|iPhone.Build.0 = Debug|iPhone
		{3C3F5E00-F737-4978-8B18-BD55741CC0B7}.Debug|iPhoneSimulator.ActiveCfg = Debug|iPhoneSimulator
		{3C3F5E00-F737-4978-8B18-BD55741CC0B7}.Debug|iPhoneSimulator.Build.0 = Debug|iPhoneSimulator
		{3C3F5E00-F737-4978-8B18-BD55741CC0B7}.Release|Any CPU.ActiveCfg = Release|iPhone
		{3C3F5E00-F737-4978-8B18-BD55741CC0B7}.Release|iPhone.ActiveCfg = Release|iPhone
		{3C3F5E00-F737-4978-8B18-BD55741CC0B7}.Release|iPhone.Build.0 = Release|iPhone
		{3C3F5E00-F737-4978-8B18-BD55741CC0B7}.Release|iPhoneSimulator.ActiveCfg = Release|iPhoneSimulator
		{3C3F5E00-F737-4978-8B18-BD55741CC0B7}.Release|iPhoneSimulator.Build.0 = Release|iPhoneSimulator
		{1599EB85-36C9-4DB8-9C0F-6A33E1A79672}.Ad-Hoc|Any CPU.ActiveCfg = Debug|Any CPU
		{1599EB85-36C9-4DB8-9C0F-6A33E1A79672}.Ad-Hoc|Any CPU.Build.0 = Debug|Any CPU
		{1599EB85-36C9-4DB8-9C0F-6A33E1A79672}.Ad-Hoc|iPhone.ActiveCfg = Debug|Any CPU
		{1599EB85-36C9-4DB8-9C0F-6A33E1A79672}.Ad-Hoc|iPhone.Build.0 = Debug|Any CPU
		{1599EB85-36C9-4DB8-9C0F-6A33E1A79672}.Ad-Hoc|iPhoneSimulator.ActiveCfg = Debug|Any CPU
		{1599EB85-36C9-4DB8-9C0F-6A33E1A79672}.Ad-Hoc|iPhoneSimulator.Build.0 = Debug|Any CPU
		{1599EB85-36C9-4DB8-9C0F-6A33E1A79672}.AppStore|Any CPU.ActiveCfg = Debug|Any CPU
		{1599EB85-36C9-4DB8-9C0F-6A33E1A79672}.AppStore|Any CPU.Build.0 = Debug|Any CPU
		{1599EB85-36C9-4DB8-9C0F-6A33E1A79672}.AppStore|iPhone.ActiveCfg = Debug|Any CPU
		{1599EB85-36C9-4DB8-9C0F-6A33E1A79672}.AppStore|iPhone.Build.0 = Debug|Any CPU
		{1599EB85-36C9-4DB8-9C0F-6A33E1A79672}.AppStore|iPhoneSimulator.ActiveCfg = Debug|Any CPU
		{1599EB85-36C9-4DB8-9C0F-6A33E1A79672}.AppStore|iPhoneSimulator.Build.0 = Debug|Any CPU
		{1599EB85-36C9-4DB8-9C0F-6A33E1A79672}.Debug|Any CPU.ActiveCfg = Debug|Any CPU
		{1599EB85-36C9-4DB8-9C0F-6A33E1A79672}.Debug|Any CPU.Build.0 = Debug|Any CPU
		{1599EB85-36C9-4DB8-9C0F-6A33E1A79672}.Debug|iPhone.ActiveCfg = Debug|Any CPU
		{1599EB85-36C9-4DB8-9C0F-6A33E1A79672}.Debug|iPhone.Build.0 = Debug|Any CPU
		{1599EB85-36C9-4DB8-9C0F-6A33E1A79672}.Debug|iPhoneSimulator.ActiveCfg = Debug|Any CPU
		{1599EB85-36C9-4DB8-9C0F-6A33E1A79672}.Debug|iPhoneSimulator.Build.0 = Debug|Any CPU
		{1599EB85-36C9-4DB8-9C0F-6A33E1A79672}.Release|Any CPU.ActiveCfg = Release|Any CPU
		{1599EB85-36C9-4DB8-9C0F-6A33E1A79672}.Release|Any CPU.Build.0 = Release|Any CPU
		{1599EB85-36C9-4DB8-9C0F-6A33E1A79672}.Release|iPhone.ActiveCfg = Release|Any CPU
		{1599EB85-36C9-4DB8-9C0F-6A33E1A79672}.Release|iPhone.Build.0 = Release|Any CPU
		{1599EB85-36C9-4DB8-9C0F-6A33E1A79672}.Release|iPhoneSimulator.ActiveCfg = Release|Any CPU
		{1599EB85-36C9-4DB8-9C0F-6A33E1A79672}.Release|iPhoneSimulator.Build.0 = Release|Any CPU
	EndGlobalSection
	GlobalSection(SolutionProperties) = preSolution
		HideSolutionNode = FALSE
	EndGlobalSection
	GlobalSection(ExtensibilityGlobals) = postSolution
		SolutionGuid = {6B0D1320-DB9E-437F-8CC2-F5801C867E53}
	EndGlobalSection
EndGlobal
